
Microsoft Visual Studio Solution File, Format Version 12.00
# Visual Studio Version 16
VisualStudioVersion = 16.0.30907.101
MinimumVisualStudioVersion = 10.0.40219.1
Project("{FAE04EC0-301F-11D3-BF4B-00C04F79EFBC}") = "T2108M-solution", "T2108M-solution\T2108M-solution.csproj", "{066C2768-5C5B-466F-945C-E220E01340A9}"
EndProject
Project("{FAE04EC0-301F-11D3-BF4B-00C04F79EFBC}") = "T2108M_UPS", "App1\T2108M_UPS.csproj", "{F27FB63A-DC2C-4594-9219-D5F4921069FD}"
EndProject
Global
	GlobalSection(SolutionConfigurationPlatforms) = preSolution
		Debug|Any CPU = Debug|Any CPU
		Debug|ARM = Debug|ARM
		Debug|ARM64 = Debug|ARM64
		Debug|x64 = Debug|x64
		Debug|x86 = Debug|x86
		Release|Any CPU = Release|Any CPU
		Release|ARM = Release|ARM
		Release|ARM64 = Release|ARM64
		Release|x64 = Release|x64
		Release|x86 = Release|x86
	EndGlobalSection
	GlobalSection(ProjectConfigurationPlatforms) = postSolution
		{066C2768-5C5B-466F-945C-E220E01340A9}.Debug|Any CPU.ActiveCfg = Debug|Any CPU
		{066C2768-5C5B-466F-945C-E220E01340A9}.Debug|Any CPU.Build.0 = Debug|Any CPU
		{066C2768-5C5B-466F-945C-E220E01340A9}.Debug|ARM.ActiveCfg = Debug|Any CPU
		{066C2768-5C5B-466F-945C-E220E01340A9}.Debug|ARM.Build.0 = Debug|Any CPU
		{066C2768-5C5B-466F-945C-E220E01340A9}.Debug|ARM64.ActiveCfg = Debug|Any CPU
		{066C2768-5C5B-466F-945C-E220E01340A9}.Debug|ARM64.Build.0 = Debug|Any CPU
		{066C2768-5C5B-466F-945C-E220E01340A9}.Debug|x64.ActiveCfg = Debug|Any CPU
		{066C2768-5C5B-466F-945C-E220E01340A9}.Debug|x64.Build.0 = Debug|Any CPU
		{066C2768-5C5B-466F-945C-E220E01340A9}.Debug|x86.ActiveCfg = Debug|Any CPU
		{066C2768-5C5B-466F-945C-E220E01340A9}.Debug|x86.Build.0 = Debug|Any CPU
		{066C2768-5C5B-466F-945C-E220E01340A9}.Release|Any CPU.ActiveCfg = Release|Any CPU
		{066C2768-5C5B-466F-945C-E220E01340A9}.Release|Any CPU.Build.0 = Release|Any CPU
		{066C2768-5C5B-466F-945C-E220E01340A9}.Release|ARM.ActiveCfg = Release|Any CPU
		{066C2768-5C5B-466F-945C-E220E01340A9}.Release|ARM.Build.0 = Release|Any CPU
		{066C2768-5C5B-466F-945C-E220E01340A9}.Release|ARM64.ActiveCfg = Release|Any CPU
		{066C2768-5C5B-466F-945C-E220E01340A9}.Release|ARM64.Build.0 = Release|Any CPU
		{066C2768-5C5B-466F-945C-E220E01340A9}.Release|x64.ActiveCfg = Release|Any CPU
		{066C2768-5C5B-466F-945C-E220E01340A9}.Release|x64.Build.0 = Release|Any CPU
		{066C2768-5C5B-466F-945C-E220E01340A9}.Release|x86.ActiveCfg = Release|Any CPU
		{066C2768-5C5B-466F-945C-E220E01340A9}.Release|x86.Build.0 = Release|Any CPU
		{F27FB63A-DC2C-4594-9219-D5F4921069FD}.Debug|Any CPU.ActiveCfg = Debug|x86
		{F27FB63A-DC2C-4594-9219-D5F4921069FD}.Debug|ARM.ActiveCfg = Debug|ARM
		{F27FB63A-DC2C-4594-9219-D5F4921069FD}.Debug|ARM.Build.0 = Debug|ARM
		{F27FB63A-DC2C-4594-9219-D5F4921069FD}.Debug|ARM.Deploy.0 = Debug|ARM
		{F27FB63A-DC2C-4594-9219-D5F4921069FD}.Debug|ARM64.ActiveCfg = Debug|ARM64
		{F27FB63A-DC2C-4594-9219-D5F4921069FD}.Debug|ARM64.Build.0 = Debug|ARM64
		{F27FB63A-DC2C-4594-9219-D5F4921069FD}.Debug|ARM64.Deploy.0 = Debug|ARM64
		{F27FB63A-DC2C-4594-9219-D5F4921069FD}.Debug|x64.ActiveCfg = Debug|x64
		{F27FB63A-DC2C-4594-9219-D5F4921069FD}.Debug|x64.Build.0 = Debug|x64
		{F27FB63A-DC2C-4594-9219-D5F4921069FD}.Debug|x64.Deploy.0 = Debug|x64
		{F27FB63A-DC2C-4594-9219-D5F4921069FD}.Debug|x86.ActiveCfg = Debug|x86
		{F27FB63A-DC2C-4594-9219-D5F4921069FD}.Debug|x86.Build.0 = Debug|x86
		{F27FB63A-DC2C-4594-9219-D5F4921069FD}.Debug|x86.Deploy.0 = Debug|x86
		{F27FB63A-DC2C-4594-9219-D5F4921069FD}.Release|Any CPU.ActiveCfg = Release|x86
		{F27FB63A-DC2C-4594-9219-D5F4921069FD}.Release|ARM.ActiveCfg = Release|ARM
		{F27FB63A-DC2C-4594-9219-D5F4921069FD}.Release|ARM.Build.0 = Release|ARM
		{F27FB63A-DC2C-4594-9219-D5F4921069FD}.Release|ARM.Deploy.0 = Release|ARM
		{F27FB63A-DC2C-4594-9219-D5F4921069FD}.Release|ARM64.ActiveCfg = Release|ARM64
		{F27FB63A-DC2C-4594-9219-D5F4921069FD}.Release|ARM64.Build.0 = Release|ARM64
		{F27FB63A-DC2C-4594-9219-D5F4921069FD}.Release|ARM64.Deploy.0 = Release|ARM64
		{F27FB63A-DC2C-4594-9219-D5F4921069FD}.Release|x64.ActiveCfg = Release|x64
		{F27FB63A-DC2C-4594-9219-D5F4921069FD}.Release|x64.Build.0 = Release|x64
		{F27FB63A-DC2C-4594-9219-D5F4921069FD}.Release|x64.Deploy.0 = Release|x64
		{F27FB63A-DC2C-4594-9219-D5F4921069FD}.Release|x86.ActiveCfg = Release|x86
		{F27FB63A-DC2C-4594-9219-D5F4921069FD}.Release|x86.Build.0 = Release|x86
		{F27FB63A-DC2C-4594-9219-D5F4921069FD}.Release|x86.Deploy.0 = Release|x86
	EndGlobalSection
	GlobalSection(SolutionProperties) = preSolution
		HideSolutionNode = FALSE
	EndGlobalSection
	GlobalSection(ExtensibilityGlobals) = postSolution
		SolutionGuid = {5C20C9EB-6403-48A8-8985-B63B2507126C}
	EndGlobalSection
EndGlobal
