
Microsoft Visual Studio Solution File, Format Version 12.00
# Visual Studio Version 17
VisualStudioVersion = 17.2.32526.322
MinimumVisualStudioVersion = 10.0.40219.1
Project("{FAE04EC0-301F-11D3-BF4B-00C04F79EFBC}") = "T2108M-XML", "T2108M-XML.csproj", "{B25F71FC-1AAB-4411-9C7E-5C6497D8FB51}"
EndProject
Global
	GlobalSection(SolutionConfigurationPlatforms) = preSolution
		Debug|Any CPU = Debug|Any CPU
		Release|Any CPU = Release|Any CPU
	EndGlobalSection
	GlobalSection(ProjectConfigurationPlatforms) = postSolution
		{B25F71FC-1AAB-4411-9C7E-5C6497D8FB51}.Debug|Any CPU.ActiveCfg = Debug|Any CPU
		{B25F71FC-1AAB-4411-9C7E-5C6497D8FB51}.Debug|Any CPU.Build.0 = Debug|Any CPU
		{B25F71FC-1AAB-4411-9C7E-5C6497D8FB51}.Release|Any CPU.ActiveCfg = Release|Any CPU
		{B25F71FC-1AAB-4411-9C7E-5C6497D8FB51}.Release|Any CPU.Build.0 = Release|Any CPU
	EndGlobalSection
	GlobalSection(SolutionProperties) = preSolution
		HideSolutionNode = FALSE
	EndGlobalSection
	GlobalSection(ExtensibilityGlobals) = postSolution
		SolutionGuid = {9E27129B-B4B6-48CC-B856-6FEC23CA678F}
	EndGlobalSection
EndGlobal
